
Microsoft Visual Studio Solution File, Format Version 12.00
# Visual Studio Version 17
VisualStudioVersion = 17.0.31903.59
MinimumVisualStudioVersion = 10.0.40219.1
Project("{2150E333-8FDC-42A3-9474-1A3956D46DE8}") = "src", "src", "{827E0CD3-B72D-47B6-A68D-7590B98EB39B}"
EndProject
Project("{2150E333-8FDC-42A3-9474-1A3956D46DE8}") = "Core", "Core", "{8D626EA8-CB54-BC41-363A-217881BEBA6E}"
EndProject
Project("{FAE04EC0-301F-11D3-BF4B-00C04F79EFBC}") = "VitalNexus.Domain", "src\Core\VitalNexus.Domain\VitalNexus.Domain.csproj", "{0BB1B288-B594-4B6B-BEC9-49BA7D62CD6D}"
EndProject
Project("{FAE04EC0-301F-11D3-BF4B-00C04F79EFBC}") = "VitalNexus.Application", "src\Core\VitalNexus.Application\VitalNexus.Application.csproj", "{61318CB8-BD0B-4921-9FC9-CB39E68E5B0C}"
EndProject
Project("{2150E333-8FDC-42A3-9474-1A3956D46DE8}") = "Infrastructure", "Infrastructure", "{9048EB7F-3875-A59E-E36B-5BD4C6F2A282}"
EndProject
Project("{FAE04EC0-301F-11D3-BF4B-00C04F79EFBC}") = "VitalNexus.Infrastructure", "src\Infrastructure\VitalNexus.Infrastructure\VitalNexus.Infrastructure.csproj", "{A1C7F622-75BC-471A-AE63-5395822DB57D}"
EndProject
Project("{2150E333-8FDC-42A3-9474-1A3956D46DE8}") = "Api", "Api", "{81034408-37C8-1011-444E-4C15C2FADA8E}"
EndProject
Project("{FAE04EC0-301F-11D3-BF4B-00C04F79EFBC}") = "VitalNexus.Api", "src\Api\VitalNexus.Api\VitalNexus.Api.csproj", "{05E36C85-46F7-4A42-90D5-7FDA3F80AAED}"
EndProject
Project("{2150E333-8FDC-42A3-9474-1A3956D46DE8}") = "tests", "tests", "{0AB3BF05-4346-4AA6-1389-037BE0695223}"
EndProject
Project("{FAE04EC0-301F-11D3-BF4B-00C04F79EFBC}") = "VitalNexus.UnitTests", "tests\VitalNexus.UnitTests\VitalNexus.UnitTests.csproj", "{E232742A-557D-46E8-A03D-D0AD4838B3AC}"
EndProject
Project("{FAE04EC0-301F-11D3-BF4B-00C04F79EFBC}") = "VitalNexus.IntegrationTests", "tests\VitalNexus.IntegrationTests\VitalNexus.IntegrationTests.csproj", "{AD73AB9C-A128-4FC6-A745-B9A66674DCAB}"
EndProject
Project("{2150E333-8FDC-42A3-9474-1A3956D46DE8}") = "Functions", "Functions", "{8ACE4114-8886-9720-B387-343844A27A5F}"
EndProject
Project("{FAE04EC0-301F-11D3-BF4B-00C04F79EFBC}") = "VitalNexus.Functions", "src\Functions\VitalNexus.Functions\VitalNexus.Functions.csproj", "{63A82FFF-24A9-4BB3-8504-8B9AFC3E477E}"
EndProject
Project("{2150E333-8FDC-42A3-9474-1A3956D46DE8}") = "Workers", "Workers", "{FE5F7021-A3C9-35C7-FF50-8DA81625868E}"
EndProject
Project("{FAE04EC0-301F-11D3-BF4B-00C04F79EFBC}") = "VitalNexus.AiAnalysis.Worker", "src\Workers\VitalNexus.AiAnalysis.Worker\VitalNexus.AiAnalysis.Worker.csproj", "{005E4157-341E-4702-A4F1-945F394C5CB6}"
EndProject
Global
	GlobalSection(SolutionConfigurationPlatforms) = preSolution
		Debug|Any CPU = Debug|Any CPU
		Debug|x64 = Debug|x64
		Debug|x86 = Debug|x86
		Release|Any CPU = Release|Any CPU
		Release|x64 = Release|x64
		Release|x86 = Release|x86
	EndGlobalSection
	GlobalSection(ProjectConfigurationPlatforms) = postSolution
		{0BB1B288-B594-4B6B-BEC9-49BA7D62CD6D}.Debug|Any CPU.ActiveCfg = Debug|Any CPU
		{0BB1B288-B594-4B6B-BEC9-49BA7D62CD6D}.Debug|Any CPU.Build.0 = Debug|Any CPU
		{0BB1B288-B594-4B6B-BEC9-49BA7D62CD6D}.Debug|x64.ActiveCfg = Debug|Any CPU
		{0BB1B288-B594-4B6B-BEC9-49BA7D62CD6D}.Debug|x64.Build.0 = Debug|Any CPU
		{0BB1B288-B594-4B6B-BEC9-49BA7D62CD6D}.Debug|x86.ActiveCfg = Debug|Any CPU
		{0BB1B288-B594-4B6B-BEC9-49BA7D62CD6D}.Debug|x86.Build.0 = Debug|Any CPU
		{0BB1B288-B594-4B6B-BEC9-49BA7D62CD6D}.Release|Any CPU.ActiveCfg = Release|Any CPU
		{0BB1B288-B594-4B6B-BEC9-49BA7D62CD6D}.Release|Any CPU.Build.0 = Release|Any CPU
		{0BB1B288-B594-4B6B-BEC9-49BA7D62CD6D}.Release|x64.ActiveCfg = Release|Any CPU
		{0BB1B288-B594-4B6B-BEC9-49BA7D62CD6D}.Release|x64.Build.0 = Release|Any CPU
		{0BB1B288-B594-4B6B-BEC9-49BA7D62CD6D}.Release|x86.ActiveCfg = Release|Any CPU
		{0BB1B288-B594-4B6B-BEC9-49BA7D62CD6D}.Release|x86.Build.0 = Release|Any CPU
		{61318CB8-BD0B-4921-9FC9-CB39E68E5B0C}.Debug|Any CPU.ActiveCfg = Debug|Any CPU
		{61318CB8-BD0B-4921-9FC9-CB39E68E5B0C}.Debug|Any CPU.Build.0 = Debug|Any CPU
		{61318CB8-BD0B-4921-9FC9-CB39E68E5B0C}.Debug|x64.ActiveCfg = Debug|Any CPU
		{61318CB8-BD0B-4921-9FC9-CB39E68E5B0C}.Debug|x64.Build.0 = Debug|Any CPU
		{61318CB8-BD0B-4921-9FC9-CB39E68E5B0C}.Debug|x86.ActiveCfg = Debug|Any CPU
		{61318CB8-BD0B-4921-9FC9-CB39E68E5B0C}.Debug|x86.Build.0 = Debug|Any CPU
		{61318CB8-BD0B-4921-9FC9-CB39E68E5B0C}.Release|Any CPU.ActiveCfg = Release|Any CPU
		{61318CB8-BD0B-4921-9FC9-CB39E68E5B0C}.Release|Any CPU.Build.0 = Release|Any CPU
		{61318CB8-BD0B-4921-9FC9-CB39E68E5B0C}.Release|x64.ActiveCfg = Release|Any CPU
		{61318CB8-BD0B-4921-9FC9-CB39E68E5B0C}.Release|x64.Build.0 = Release|Any CPU
		{61318CB8-BD0B-4921-9FC9-CB39E68E5B0C}.Release|x86.ActiveCfg = Release|Any CPU
		{61318CB8-BD0B-4921-9FC9-CB39E68E5B0C}.Release|x86.Build.0 = Release|Any CPU
		{A1C7F622-75BC-471A-AE63-5395822DB57D}.Debug|Any CPU.ActiveCfg = Debug|Any CPU
		{A1C7F622-75BC-471A-AE63-5395822DB57D}.Debug|Any CPU.Build.0 = Debug|Any CPU
		{A1C7F622-75BC-471A-AE63-5395822DB57D}.Debug|x64.ActiveCfg = Debug|Any CPU
		{A1C7F622-75BC-471A-AE63-5395822DB57D}.Debug|x64.Build.0 = Debug|Any CPU
		{A1C7F622-75BC-471A-AE63-5395822DB57D}.Debug|x86.ActiveCfg = Debug|Any CPU
		{A1C7F622-75BC-471A-AE63-5395822DB57D}.Debug|x86.Build.0 = Debug|Any CPU
		{A1C7F622-75BC-471A-AE63-5395822DB57D}.Release|Any CPU.ActiveCfg = Release|Any CPU
		{A1C7F622-75BC-471A-AE63-5395822DB57D}.Release|Any CPU.Build.0 = Release|Any CPU
		{A1C7F622-75BC-471A-AE63-5395822DB57D}.Release|x64.ActiveCfg = Release|Any CPU
		{A1C7F622-75BC-471A-AE63-5395822DB57D}.Release|x64.Build.0 = Release|Any CPU
		{A1C7F622-75BC-471A-AE63-5395822DB57D}.Release|x86.ActiveCfg = Release|Any CPU
		{A1C7F622-75BC-471A-AE63-5395822DB57D}.Release|x86.Build.0 = Release|Any CPU
		{05E36C85-46F7-4A42-90D5-7FDA3F80AAED}.Debug|Any CPU.ActiveCfg = Debug|Any CPU
		{05E36C85-46F7-4A42-90D5-7FDA3F80AAED}.Debug|Any CPU.Build.0 = Debug|Any CPU
		{05E36C85-46F7-4A42-90D5-7FDA3F80AAED}.Debug|x64.ActiveCfg = Debug|Any CPU
		{05E36C85-46F7-4A42-90D5-7FDA3F80AAED}.Debug|x64.Build.0 = Debug|Any CPU
		{05E36C85-46F7-4A42-90D5-7FDA3F80AAED}.Debug|x86.ActiveCfg = Debug|Any CPU
		{05E36C85-46F7-4A42-90D5-7FDA3F80AAED}.Debug|x86.Build.0 = Debug|Any CPU
		{05E36C85-46F7-4A42-90D5-7FDA3F80AAED}.Release|Any CPU.ActiveCfg = Release|Any CPU
		{05E36C85-46F7-4A42-90D5-7FDA3F80AAED}.Release|Any CPU.Build.0 = Release|Any CPU
		{05E36C85-46F7-4A42-90D5-7FDA3F80AAED}.Release|x64.ActiveCfg = Release|Any CPU
		{05E36C85-46F7-4A42-90D5-7FDA3F80AAED}.Release|x64.Build.0 = Release|Any CPU
		{05E36C85-46F7-4A42-90D5-7FDA3F80AAED}.Release|x86.ActiveCfg = Release|Any CPU
		{05E36C85-46F7-4A42-90D5-7FDA3F80AAED}.Release|x86.Build.0 = Release|Any CPU
		{E232742A-557D-46E8-A03D-D0AD4838B3AC}.Debug|Any CPU.ActiveCfg = Debug|Any CPU
		{E232742A-557D-46E8-A03D-D0AD4838B3AC}.Debug|Any CPU.Build.0 = Debug|Any CPU
		{E232742A-557D-46E8-A03D-D0AD4838B3AC}.Debug|x64.ActiveCfg = Debug|Any CPU
		{E232742A-557D-46E8-A03D-D0AD4838B3AC}.Debug|x64.Build.0 = Debug|Any CPU
		{E232742A-557D-46E8-A03D-D0AD4838B3AC}.Debug|x86.ActiveCfg = Debug|Any CPU
		{E232742A-557D-46E8-A03D-D0AD4838B3AC}.Debug|x86.Build.0 = Debug|Any CPU
		{E232742A-557D-46E8-A03D-D0AD4838B3AC}.Release|Any CPU.ActiveCfg = Release|Any CPU
		{E232742A-557D-46E8-A03D-D0AD4838B3AC}.Release|Any CPU.Build.0 = Release|Any CPU
		{E232742A-557D-46E8-A03D-D0AD4838B3AC}.Release|x64.ActiveCfg = Release|Any CPU
		{E232742A-557D-46E8-A03D-D0AD4838B3AC}.Release|x64.Build.0 = Release|Any CPU
		{E232742A-557D-46E8-A03D-D0AD4838B3AC}.Release|x86.ActiveCfg = Release|Any CPU
		{E232742A-557D-46E8-A03D-D0AD4838B3AC}.Release|x86.Build.0 = Release|Any CPU
		{AD73AB9C-A128-4FC6-A745-B9A66674DCAB}.Debug|Any CPU.ActiveCfg = Debug|Any CPU
		{AD73AB9C-A128-4FC6-A745-B9A66674DCAB}.Debug|Any CPU.Build.0 = Debug|Any CPU
		{AD73AB9C-A128-4FC6-A745-B9A66674DCAB}.Debug|x64.ActiveCfg = Debug|Any CPU
		{AD73AB9C-A128-4FC6-A745-B9A66674DCAB}.Debug|x64.Build.0 = Debug|Any CPU
		{AD73AB9C-A128-4FC6-A745-B9A66674DCAB}.Debug|x86.ActiveCfg = Debug|Any CPU
		{AD73AB9C-A128-4FC6-A745-B9A66674DCAB}.Debug|x86.Build.0 = Debug|Any CPU
		{AD73AB9C-A128-4FC6-A745-B9A66674DCAB}.Release|Any CPU.ActiveCfg = Release|Any CPU
		{AD73AB9C-A128-4FC6-A745-B9A66674DCAB}.Release|Any CPU.Build.0 = Release|Any CPU
		{AD73AB9C-A128-4FC6-A745-B9A66674DCAB}.Release|x64.ActiveCfg = Release|Any CPU
		{AD73AB9C-A128-4FC6-A745-B9A66674DCAB}.Release|x64.Build.0 = Release|Any CPU
		{AD73AB9C-A128-4FC6-A745-B9A66674DCAB}.Release|x86.ActiveCfg = Release|Any CPU
		{AD73AB9C-A128-4FC6-A745-B9A66674DCAB}.Release|x86.Build.0 = Release|Any CPU
		{63A82FFF-24A9-4BB3-8504-8B9AFC3E477E}.Debug|Any CPU.ActiveCfg = Debug|Any CPU
		{63A82FFF-24A9-4BB3-8504-8B9AFC3E477E}.Debug|Any CPU.Build.0 = Debug|Any CPU
		{63A82FFF-24A9-4BB3-8504-8B9AFC3E477E}.Debug|x64.ActiveCfg = Debug|Any CPU
		{63A82FFF-24A9-4BB3-8504-8B9AFC3E477E}.Debug|x64.Build.0 = Debug|Any CPU
		{63A82FFF-24A9-4BB3-8504-8B9AFC3E477E}.Debug|x86.ActiveCfg = Debug|Any CPU
		{63A82FFF-24A9-4BB3-8504-8B9AFC3E477E}.Debug|x86.Build.0 = Debug|Any CPU
		{63A82FFF-24A9-4BB3-8504-8B9AFC3E477E}.Release|Any CPU.ActiveCfg = Release|Any CPU
		{63A82FFF-24A9-4BB3-8504-8B9AFC3E477E}.Release|Any CPU.Build.0 = Release|Any CPU
		{63A82FFF-24A9-4BB3-8504-8B9AFC3E477E}.Release|x64.ActiveCfg = Release|Any CPU
		{63A82FFF-24A9-4BB3-8504-8B9AFC3E477E}.Release|x64.Build.0 = Release|Any CPU
		{63A82FFF-24A9-4BB3-8504-8B9AFC3E477E}.Release|x86.ActiveCfg = Release|Any CPU
		{63A82FFF-24A9-4BB3-8504-8B9AFC3E477E}.Release|x86.Build.0 = Release|Any CPU
		{005E4157-341E-4702-A4F1-945F394C5CB6}.Debug|Any CPU.ActiveCfg = Debug|Any CPU
		{005E4157-341E-4702-A4F1-945F394C5CB6}.Debug|Any CPU.Build.0 = Debug|Any CPU
		{005E4157-341E-4702-A4F1-945F394C5CB6}.Debug|x64.ActiveCfg = Debug|Any CPU
		{005E4157-341E-4702-A4F1-945F394C5CB6}.Debug|x64.Build.0 = Debug|Any CPU
		{005E4157-341E-4702-A4F1-945F394C5CB6}.Debug|x86.ActiveCfg = Debug|Any CPU
		{005E4157-341E-4702-A4F1-945F394C5CB6}.Debug|x86.Build.0 = Debug|Any CPU
		{005E4157-341E-4702-A4F1-945F394C5CB6}.Release|Any CPU.ActiveCfg = Release|Any CPU
		{005E4157-341E-4702-A4F1-945F394C5CB6}.Release|Any CPU.Build.0 = Release|Any CPU
		{005E4157-341E-4702-A4F1-945F394C5CB6}.Release|x64.ActiveCfg = Release|Any CPU
		{005E4157-341E-4702-A4F1-945F394C5CB6}.Release|x64.Build.0 = Release|Any CPU
		{005E4157-341E-4702-A4F1-945F394C5CB6}.Release|x86.ActiveCfg = Release|Any CPU
		{005E4157-341E-4702-A4F1-945F394C5CB6}.Release|x86.Build.0 = Release|Any CPU
	EndGlobalSection
	GlobalSection(SolutionProperties) = preSolution
		HideSolutionNode = FALSE
	EndGlobalSection
	GlobalSection(NestedProjects) = preSolution
		{8D626EA8-CB54-BC41-363A-217881BEBA6E} = {827E0CD3-B72D-47B6-A68D-7590B98EB39B}
		{0BB1B288-B594-4B6B-BEC9-49BA7D62CD6D} = {8D626EA8-CB54-BC41-363A-217881BEBA6E}
		{61318CB8-BD0B-4921-9FC9-CB39E68E5B0C} = {8D626EA8-CB54-BC41-363A-217881BEBA6E}
		{9048EB7F-3875-A59E-E36B-5BD4C6F2A282} = {827E0CD3-B72D-47B6-A68D-7590B98EB39B}
		{A1C7F622-75BC-471A-AE63-5395822DB57D} = {9048EB7F-3875-A59E-E36B-5BD4C6F2A282}
		{81034408-37C8-1011-444E-4C15C2FADA8E} = {827E0CD3-B72D-47B6-A68D-7590B98EB39B}
		{05E36C85-46F7-4A42-90D5-7FDA3F80AAED} = {81034408-37C8-1011-444E-4C15C2FADA8E}
		{E232742A-557D-46E8-A03D-D0AD4838B3AC} = {0AB3BF05-4346-4AA6-1389-037BE0695223}
		{AD73AB9C-A128-4FC6-A745-B9A66674DCAB} = {0AB3BF05-4346-4AA6-1389-037BE0695223}
		{8ACE4114-8886-9720-B387-343844A27A5F} = {827E0CD3-B72D-47B6-A68D-7590B98EB39B}
		{63A82FFF-24A9-4BB3-8504-8B9AFC3E477E} = {8ACE4114-8886-9720-B387-343844A27A5F}
		{FE5F7021-A3C9-35C7-FF50-8DA81625868E} = {827E0CD3-B72D-47B6-A68D-7590B98EB39B}
		{005E4157-341E-4702-A4F1-945F394C5CB6} = {FE5F7021-A3C9-35C7-FF50-8DA81625868E}
	EndGlobalSection
EndGlobal
