Microsoft Visual Studio Solution File, Format Version 12.00
# Visual Studio Version 17
VisualStudioVersion = 17.0.31903.59
MinimumVisualStudioVersion = 10.0.40219.1
Project("{FAE04EC0-301F-11D3-BF4B-00C04F79EFBC}") = "VitalNexus.AccountBusiness.Database", "VitalNexus.AccountBusiness.Database\VitalNexus.AccountBusiness.Database.sqlproj", "{A1B2C3D4-E5F6-4712-8123-ABCDEF012345}"
EndProject
Project("{FAE04EC0-301F-11D3-BF4B-00C04F79EFBC}") = "VitalNexus.LabMarkersData.Database", "VitalNexus.LabMarkersData.Database\VitalNexus.LabMarkersData.Database.sqlproj", "{A3E9E6C2-4F9B-4C3E-A8F9-1B2C3D4E5F60}"
EndProject
Project("{FAE04EC0-301F-11D3-BF4B-00C04F79EFBC}") = "VitalNexus.PatientHealth.Database", "VitalNexus.PatientHealth.Database\VitalNexus.PatientHealth.Database.sqlproj", "{D36A7E4B-4C6E-464B-A7F9-3F352B49C6DC}"
EndProject
Global
	GlobalSection(SolutionConfigurationPlatforms) = preSolution
		Debug|Any CPU = Debug|Any CPU
		Release|Any CPU = Release|Any CPU
	EndGlobalSection
	GlobalSection(ProjectConfigurationPlatforms) = postSolution
		{A1B2C3D4-E5F6-4712-8123-ABCDEF012345}.Debug|Any CPU.ActiveCfg = Debug|Any CPU
		{A1B2C3D4-E5F6-4712-8123-ABCDEF012345}.Debug|Any CPU.Build.0 = Debug|Any CPU
		{A1B2C3D4-E5F6-4712-8123-ABCDEF012345}.Release|Any CPU.ActiveCfg = Release|Any CPU
		{A1B2C3D4-E5F6-4712-8123-ABCDEF012345}.Release|Any CPU.Build.0 = Release|Any CPU
		{A3E9E6C2-4F9B-4C3E-A8F9-1B2C3D4E5F60}.Debug|Any CPU.ActiveCfg = Debug|Any CPU
		{A3E9E6C2-4F9B-4C3E-A8F9-1B2C3D4E5F60}.Debug|Any CPU.Build.0 = Debug|Any CPU
		{A3E9E6C2-4F9B-4C3E-A8F9-1B2C3D4E5F60}.Release|Any CPU.ActiveCfg = Release|Any CPU
		{A3E9E6C2-4F9B-4C3E-A8F9-1B2C3D4E5F60}.Release|Any CPU.Build.0 = Release|Any CPU
		{D36A7E4B-4C6E-464B-A7F9-3F352B49C6DC}.Debug|Any CPU.ActiveCfg = Debug|Any CPU
		{D36A7E4B-4C6E-464B-A7F9-3F352B49C6DC}.Debug|Any CPU.Build.0 = Debug|Any CPU
		{D36A7E4B-4C6E-464B-A7F9-3F352B49C6DC}.Release|Any CPU.ActiveCfg = Release|Any CPU
		{D36A7E4B-4C6E-464B-A7F9-3F352B49C6DC}.Release|Any CPU.Build.0 = Release|Any CPU
	EndGlobalSection
EndGlobal
